// !$*UTF8*$!
{
	archiveVersion = 1;
	classes = {
	};
	objectVersion = 56;
	objects = {

/* Begin PBXBuildFile section */
		614E04EB2A7E361000DF609D /* ErrorWrapper.swift in Sources */ = {isa = PBXBuildFile; fileRef = 614E04EA2A7E361000DF609D /* ErrorWrapper.swift */; };
		614E04ED2A82DE6500DF609D /* ErrorView.swift in Sources */ = {isa = PBXBuildFile; fileRef = 614E04EC2A82DE6500DF609D /* ErrorView.swift */; };
		6155C9A82A21522000F6B7AD /* ScrumdingerApp.swift in Sources */ = {isa = PBXBuildFile; fileRef = 6155C9A72A21522000F6B7AD /* ScrumdingerApp.swift */; };
		6155C9AA2A21522000F6B7AD /* MeetingView.swift in Sources */ = {isa = PBXBuildFile; fileRef = 6155C9A92A21522000F6B7AD /* MeetingView.swift */; };
		6155C9AC2A21522100F6B7AD /* Assets.xcassets in Resources */ = {isa = PBXBuildFile; fileRef = 6155C9AB2A21522100F6B7AD /* Assets.xcassets */; };
		6155C9AF2A21522100F6B7AD /* Preview Assets.xcassets in Resources */ = {isa = PBXBuildFile; fileRef = 6155C9AE2A21522100F6B7AD /* Preview Assets.xcassets */; };
		6155C9B92A21723400F6B7AD /* Theme.swift in Sources */ = {isa = PBXBuildFile; fileRef = 6155C9B82A21723400F6B7AD /* Theme.swift */; };
		6155C9BB2A21751B00F6B7AD /* DailyScrum.swift in Sources */ = {isa = PBXBuildFile; fileRef = 6155C9BA2A21751B00F6B7AD /* DailyScrum.swift */; };
		6155C9BD2A2175B400F6B7AD /* CardView.swift in Sources */ = {isa = PBXBuildFile; fileRef = 6155C9BC2A2175B400F6B7AD /* CardView.swift */; };
		6155C9BF2A22072100F6B7AD /* TrailingIconLabelStyle.swift in Sources */ = {isa = PBXBuildFile; fileRef = 6155C9BE2A22072100F6B7AD /* TrailingIconLabelStyle.swift */; };
		6155C9C12A220CA200F6B7AD /* ScrumsView.swift in Sources */ = {isa = PBXBuildFile; fileRef = 6155C9C02A220CA200F6B7AD /* ScrumsView.swift */; };
		6155C9C32A22CC5000F6B7AD /* DetailView.swift in Sources */ = {isa = PBXBuildFile; fileRef = 6155C9C22A22CC5000F6B7AD /* DetailView.swift */; };
		615CF7222A43B2B000E80886 /* DetailEditView.swift in Sources */ = {isa = PBXBuildFile; fileRef = 615CF7212A43B2B000E80886 /* DetailEditView.swift */; };
		615CF7242A53F15400E80886 /* ThemeView.swift in Sources */ = {isa = PBXBuildFile; fileRef = 615CF7232A53F15400E80886 /* ThemeView.swift */; };
		615CF7262A53F3C000E80886 /* ThemePicker.swift in Sources */ = {isa = PBXBuildFile; fileRef = 615CF7252A53F3C000E80886 /* ThemePicker.swift */; };
		615CF7282A5DD56D00E80886 /* MeetingHeaderView.swift in Sources */ = {isa = PBXBuildFile; fileRef = 615CF7272A5DD56D00E80886 /* MeetingHeaderView.swift */; };
		61948E022A64A403003EAE74 /* AVPlayer+Ding.swift in Sources */ = {isa = PBXBuildFile; fileRef = 61948E012A64A403003EAE74 /* AVPlayer+Ding.swift */; };
		61948E052A64A48D003EAE74 /* ding.wav in Resources */ = {isa = PBXBuildFile; fileRef = 61948E042A64A48D003EAE74 /* ding.wav */; };
		61948E072A6604A6003EAE74 /* NewScrumSheet.swift in Sources */ = {isa = PBXBuildFile; fileRef = 61948E062A6604A6003EAE74 /* NewScrumSheet.swift */; };
		61948E092A6DC602003EAE74 /* History.swift in Sources */ = {isa = PBXBuildFile; fileRef = 61948E082A6DC602003EAE74 /* History.swift */; };
		61948E0B2A7064E9003EAE74 /* ScrumStore.swift in Sources */ = {isa = PBXBuildFile; fileRef = 61948E0A2A7064E9003EAE74 /* ScrumStore.swift */; };
		61AAE7122A5F5637009D8010 /* ScrumProgressViewStyle.swift in Sources */ = {isa = PBXBuildFile; fileRef = 61AAE7112A5F5637009D8010 /* ScrumProgressViewStyle.swift */; };
		61AAE7142A5F5775009D8010 /* ScrumTimer.swift in Sources */ = {isa = PBXBuildFile; fileRef = 61AAE7132A5F5775009D8010 /* ScrumTimer.swift */; };
		61AAE7162A609954009D8010 /* MeetingFooterView.swift in Sources */ = {isa = PBXBuildFile; fileRef = 61AAE7152A609954009D8010 /* MeetingFooterView.swift */; };
		61C5045C2A87E55C00CBBA33 /* MeetingTimerView.swift in Sources */ = {isa = PBXBuildFile; fileRef = 61C5045B2A87E55C00CBBA33 /* MeetingTimerView.swift */; };
		61C5045E2A87EA8C00CBBA33 /* SpeakerArc.swift in Sources */ = {isa = PBXBuildFile; fileRef = 61C5045D2A87EA8C00CBBA33 /* SpeakerArc.swift */; };
		61C504602A9A0F9500CBBA33 /* SpeechRecognizer.swift in Sources */ = {isa = PBXBuildFile; fileRef = 61C5045F2A9A0F9500CBBA33 /* SpeechRecognizer.swift */; };
		61C504622A9A151900CBBA33 /* HistoryView.swift in Sources */ = {isa = PBXBuildFile; fileRef = 61C504612A9A151900CBBA33 /* HistoryView.swift */; };
/* End PBXBuildFile section */

/* Begin PBXFileReference section */
		614E04EA2A7E361000DF609D /* ErrorWrapper.swift */ = {isa = PBXFileReference; lastKnownFileType = sourcecode.swift; path = ErrorWrapper.swift; sourceTree = "<group>"; };
		614E04EC2A82DE6500DF609D /* ErrorView.swift */ = {isa = PBXFileReference; lastKnownFileType = sourcecode.swift; path = ErrorView.swift; sourceTree = "<group>"; };
		6155C9A42A21522000F6B7AD /* Scrumdinger.app */ = {isa = PBXFileReference; explicitFileType = wrapper.application; includeInIndex = 0; path = Scrumdinger.app; sourceTree = BUILT_PRODUCTS_DIR; };
		6155C9A72A21522000F6B7AD /* ScrumdingerApp.swift */ = {isa = PBXFileReference; lastKnownFileType = sourcecode.swift; path = ScrumdingerApp.swift; sourceTree = "<group>"; };
		6155C9A92A21522000F6B7AD /* MeetingView.swift */ = {isa = PBXFileReference; lastKnownFileType = sourcecode.swift; path = MeetingView.swift; sourceTree = "<group>"; };
		6155C9AB2A21522100F6B7AD /* Assets.xcassets */ = {isa = PBXFileReference; lastKnownFileType = folder.assetcatalog; path = Assets.xcassets; sourceTree = "<group>"; };
		6155C9AE2A21522100F6B7AD /* Preview Assets.xcassets */ = {isa = PBXFileReference; lastKnownFileType = folder.assetcatalog; path = "Preview Assets.xcassets"; sourceTree = "<group>"; };
		6155C9B82A21723400F6B7AD /* Theme.swift */ = {isa = PBXFileReference; lastKnownFileType = sourcecode.swift; path = Theme.swift; sourceTree = "<group>"; };
		6155C9BA2A21751B00F6B7AD /* DailyScrum.swift */ = {isa = PBXFileReference; lastKnownFileType = sourcecode.swift; path = DailyScrum.swift; sourceTree = "<group>"; };
		6155C9BC2A2175B400F6B7AD /* CardView.swift */ = {isa = PBXFileReference; lastKnownFileType = sourcecode.swift; path = CardView.swift; sourceTree = "<group>"; };
		6155C9BE2A22072100F6B7AD /* TrailingIconLabelStyle.swift */ = {isa = PBXFileReference; lastKnownFileType = sourcecode.swift; path = TrailingIconLabelStyle.swift; sourceTree = "<group>"; };
		6155C9C02A220CA200F6B7AD /* ScrumsView.swift */ = {isa = PBXFileReference; lastKnownFileType = sourcecode.swift; path = ScrumsView.swift; sourceTree = "<group>"; };
		6155C9C22A22CC5000F6B7AD /* DetailView.swift */ = {isa = PBXFileReference; lastKnownFileType = sourcecode.swift; path = DetailView.swift; sourceTree = "<group>"; };
		615CF7212A43B2B000E80886 /* DetailEditView.swift */ = {isa = PBXFileReference; lastKnownFileType = sourcecode.swift; path = DetailEditView.swift; sourceTree = "<group>"; };
		615CF7232A53F15400E80886 /* ThemeView.swift */ = {isa = PBXFileReference; lastKnownFileType = sourcecode.swift; path = ThemeView.swift; sourceTree = "<group>"; };
		615CF7252A53F3C000E80886 /* ThemePicker.swift */ = {isa = PBXFileReference; lastKnownFileType = sourcecode.swift; path = ThemePicker.swift; sourceTree = "<group>"; };
		615CF7272A5DD56D00E80886 /* MeetingHeaderView.swift */ = {isa = PBXFileReference; lastKnownFileType = sourcecode.swift; path = MeetingHeaderView.swift; sourceTree = "<group>"; };
		61948E012A64A403003EAE74 /* AVPlayer+Ding.swift */ = {isa = PBXFileReference; lastKnownFileType = sourcecode.swift; path = "AVPlayer+Ding.swift"; sourceTree = "<group>"; };
		61948E042A64A48D003EAE74 /* ding.wav */ = {isa = PBXFileReference; lastKnownFileType = audio.wav; path = ding.wav; sourceTree = "<group>"; };
		61948E062A6604A6003EAE74 /* NewScrumSheet.swift */ = {isa = PBXFileReference; lastKnownFileType = sourcecode.swift; path = NewScrumSheet.swift; sourceTree = "<group>"; };
		61948E082A6DC602003EAE74 /* History.swift */ = {isa = PBXFileReference; lastKnownFileType = sourcecode.swift; path = History.swift; sourceTree = "<group>"; };
		61948E0A2A7064E9003EAE74 /* ScrumStore.swift */ = {isa = PBXFileReference; lastKnownFileType = sourcecode.swift; path = ScrumStore.swift; sourceTree = "<group>"; };
		61AAE7112A5F5637009D8010 /* ScrumProgressViewStyle.swift */ = {isa = PBXFileReference; lastKnownFileType = sourcecode.swift; path = ScrumProgressViewStyle.swift; sourceTree = "<group>"; };
		61AAE7132A5F5775009D8010 /* ScrumTimer.swift */ = {isa = PBXFileReference; lastKnownFileType = sourcecode.swift; path = ScrumTimer.swift; sourceTree = "<group>"; };
		61AAE7152A609954009D8010 /* MeetingFooterView.swift */ = {isa = PBXFileReference; lastKnownFileType = sourcecode.swift; path = MeetingFooterView.swift; sourceTree = "<group>"; };
		61C5045B2A87E55C00CBBA33 /* MeetingTimerView.swift */ = {isa = PBXFileReference; lastKnownFileType = sourcecode.swift; path = MeetingTimerView.swift; sourceTree = "<group>"; };
		61C5045D2A87EA8C00CBBA33 /* SpeakerArc.swift */ = {isa = PBXFileReference; lastKnownFileType = sourcecode.swift; path = SpeakerArc.swift; sourceTree = "<group>"; };
		61C5045F2A9A0F9500CBBA33 /* SpeechRecognizer.swift */ = {isa = PBXFileReference; lastKnownFileType = sourcecode.swift; path = SpeechRecognizer.swift; sourceTree = "<group>"; };
		61C504612A9A151900CBBA33 /* HistoryView.swift */ = {isa = PBXFileReference; lastKnownFileType = sourcecode.swift; path = HistoryView.swift; sourceTree = "<group>"; };
/* End PBXFileReference section */

/* Begin PBXFrameworksBuildPhase section */
		6155C9A12A21522000F6B7AD /* Frameworks */ = {
			isa = PBXFrameworksBuildPhase;
			buildActionMask = 2147483647;
			files = (
			);
			runOnlyForDeploymentPostprocessing = 0;
		};
/* End PBXFrameworksBuildPhase section */

/* Begin PBXGroup section */
		6155C99B2A21522000F6B7AD = {
			isa = PBXGroup;
			children = (
				6155C9A62A21522000F6B7AD /* Scrumdinger */,
				6155C9A52A21522000F6B7AD /* Products */,
			);
			sourceTree = "<group>";
		};
		6155C9A52A21522000F6B7AD /* Products */ = {
			isa = PBXGroup;
			children = (
				6155C9A42A21522000F6B7AD /* Scrumdinger.app */,
			);
			name = Products;
			sourceTree = "<group>";
		};
		6155C9A62A21522000F6B7AD /* Scrumdinger */ = {
			isa = PBXGroup;
			children = (
				61C5045A2A87E4B700CBBA33 /* Views */,
				61948E032A64A444003EAE74 /* Resources */,
				6155C9B52A21718600F6B7AD /* Models */,
				6155C9A72A21522000F6B7AD /* ScrumdingerApp.swift */,
				6155C9AB2A21522100F6B7AD /* Assets.xcassets */,
				6155C9AD2A21522100F6B7AD /* Preview Content */,
				6155C9BE2A22072100F6B7AD /* TrailingIconLabelStyle.swift */,
				615CF7252A53F3C000E80886 /* ThemePicker.swift */,
				61AAE7112A5F5637009D8010 /* ScrumProgressViewStyle.swift */,
			);
			path = Scrumdinger;
			sourceTree = "<group>";
		};
		6155C9AD2A21522100F6B7AD /* Preview Content */ = {
			isa = PBXGroup;
			children = (
				6155C9AE2A21522100F6B7AD /* Preview Assets.xcassets */,
			);
			path = "Preview Content";
			sourceTree = "<group>";
		};
		6155C9B52A21718600F6B7AD /* Models */ = {
			isa = PBXGroup;
			children = (
				6155C9B82A21723400F6B7AD /* Theme.swift */,
				6155C9BA2A21751B00F6B7AD /* DailyScrum.swift */,
				61AAE7132A5F5775009D8010 /* ScrumTimer.swift */,
				61948E012A64A403003EAE74 /* AVPlayer+Ding.swift */,
				61948E082A6DC602003EAE74 /* History.swift */,
				61948E0A2A7064E9003EAE74 /* ScrumStore.swift */,
				614E04EA2A7E361000DF609D /* ErrorWrapper.swift */,
				61C5045F2A9A0F9500CBBA33 /* SpeechRecognizer.swift */,
			);
			path = Models;
			sourceTree = "<group>";
		};
		61948E032A64A444003EAE74 /* Resources */ = {
			isa = PBXGroup;
			children = (
				61948E042A64A48D003EAE74 /* ding.wav */,
			);
			path = Resources;
			sourceTree = "<group>";
		};
		61C5045A2A87E4B700CBBA33 /* Views */ = {
			isa = PBXGroup;
			children = (
				61948E062A6604A6003EAE74 /* NewScrumSheet.swift */,
				6155C9BC2A2175B400F6B7AD /* CardView.swift */,
				6155C9C02A220CA200F6B7AD /* ScrumsView.swift */,
				6155C9C22A22CC5000F6B7AD /* DetailView.swift */,
				615CF7212A43B2B000E80886 /* DetailEditView.swift */,
				615CF7232A53F15400E80886 /* ThemeView.swift */,
				61AAE7152A609954009D8010 /* MeetingFooterView.swift */,
				615CF7272A5DD56D00E80886 /* MeetingHeaderView.swift */,
				6155C9A92A21522000F6B7AD /* MeetingView.swift */,
				614E04EC2A82DE6500DF609D /* ErrorView.swift */,
				61C5045B2A87E55C00CBBA33 /* MeetingTimerView.swift */,
				61C5045D2A87EA8C00CBBA33 /* SpeakerArc.swift */,
				61C504612A9A151900CBBA33 /* HistoryView.swift */,
			);
			path = Views;
			sourceTree = "<group>";
		};
/* End PBXGroup section */

/* Begin PBXNativeTarget section */
		6155C9A32A21522000F6B7AD /* Scrumdinger */ = {
			isa = PBXNativeTarget;
			buildConfigurationList = 6155C9B22A21522100F6B7AD /* Build configuration list for PBXNativeTarget "Scrumdinger" */;
			buildPhases = (
				6155C9A02A21522000F6B7AD /* Sources */,
				6155C9A12A21522000F6B7AD /* Frameworks */,
				6155C9A22A21522000F6B7AD /* Resources */,
			);
			buildRules = (
			);
			dependencies = (
			);
			name = Scrumdinger;
			productName = Scrumdinger;
			productReference = 6155C9A42A21522000F6B7AD /* Scrumdinger.app */;
			productType = "com.apple.product-type.application";
		};
/* End PBXNativeTarget section */

/* Begin PBXProject section */
		6155C99C2A21522000F6B7AD /* Project object */ = {
			isa = PBXProject;
			attributes = {
				BuildIndependentTargetsInParallel = 1;
				LastSwiftUpdateCheck = 1430;
				LastUpgradeCheck = 1430;
				TargetAttributes = {
					6155C9A32A21522000F6B7AD = {
						CreatedOnToolsVersion = 14.3;
					};
				};
			};
			buildConfigurationList = 6155C99F2A21522000F6B7AD /* Build configuration list for PBXProject "Scrumdinger" */;
			compatibilityVersion = "Xcode 14.0";
			developmentRegion = en;
			hasScannedForEncodings = 0;
			knownRegions = (
				en,
				Base,
			);
			mainGroup = 6155C99B2A21522000F6B7AD;
			productRefGroup = 6155C9A52A21522000F6B7AD /* Products */;
			projectDirPath = "";
			projectRoot = "";
			targets = (
				6155C9A32A21522000F6B7AD /* Scrumdinger */,
			);
		};
/* End PBXProject section */

/* Begin PBXResourcesBuildPhase section */
		6155C9A22A21522000F6B7AD /* Resources */ = {
			isa = PBXResourcesBuildPhase;
			buildActionMask = 2147483647;
			files = (
				61948E052A64A48D003EAE74 /* ding.wav in Resources */,
				6155C9AF2A21522100F6B7AD /* Preview Assets.xcassets in Resources */,
				6155C9AC2A21522100F6B7AD /* Assets.xcassets in Resources */,
			);
			runOnlyForDeploymentPostprocessing = 0;
		};
/* End PBXResourcesBuildPhase section */

/* Begin PBXSourcesBuildPhase section */
		6155C9A02A21522000F6B7AD /* Sources */ = {
			isa = PBXSourcesBuildPhase;
			buildActionMask = 2147483647;
			files = (
				61948E092A6DC602003EAE74 /* History.swift in Sources */,
				615CF7262A53F3C000E80886 /* ThemePicker.swift in Sources */,
				61AAE7122A5F5637009D8010 /* ScrumProgressViewStyle.swift in Sources */,
				61AAE7162A609954009D8010 /* MeetingFooterView.swift in Sources */,
				61C5045E2A87EA8C00CBBA33 /* SpeakerArc.swift in Sources */,
				614E04ED2A82DE6500DF609D /* ErrorView.swift in Sources */,
				61AAE7142A5F5775009D8010 /* ScrumTimer.swift in Sources */,
				61C504622A9A151900CBBA33 /* HistoryView.swift in Sources */,
				61C5045C2A87E55C00CBBA33 /* MeetingTimerView.swift in Sources */,
				6155C9BB2A21751B00F6B7AD /* DailyScrum.swift in Sources */,
				61948E0B2A7064E9003EAE74 /* ScrumStore.swift in Sources */,
				6155C9C32A22CC5000F6B7AD /* DetailView.swift in Sources */,
				614E04EB2A7E361000DF609D /* ErrorWrapper.swift in Sources */,
				615CF7282A5DD56D00E80886 /* MeetingHeaderView.swift in Sources */,
				615CF7222A43B2B000E80886 /* DetailEditView.swift in Sources */,
				61948E072A6604A6003EAE74 /* NewScrumSheet.swift in Sources */,
				6155C9BF2A22072100F6B7AD /* TrailingIconLabelStyle.swift in Sources */,
				6155C9B92A21723400F6B7AD /* Theme.swift in Sources */,
				61C504602A9A0F9500CBBA33 /* SpeechRecognizer.swift in Sources */,
				6155C9C12A220CA200F6B7AD /* ScrumsView.swift in Sources */,
				6155C9AA2A21522000F6B7AD /* MeetingView.swift in Sources */,
				6155C9A82A21522000F6B7AD /* ScrumdingerApp.swift in Sources */,
				615CF7242A53F15400E80886 /* ThemeView.swift in Sources */,
				6155C9BD2A2175B400F6B7AD /* CardView.swift in Sources */,
				61948E022A64A403003EAE74 /* AVPlayer+Ding.swift in Sources */,
			);
			runOnlyForDeploymentPostprocessing = 0;
		};
/* End PBXSourcesBuildPhase section */

/* Begin XCBuildConfiguration section */
		6155C9B02A21522100F6B7AD /* Debug */ = {
			isa = XCBuildConfiguration;
			buildSettings = {
				ALWAYS_SEARCH_USER_PATHS = NO;
				CLANG_ANALYZER_NONNULL = YES;
				CLANG_ANALYZER_NUMBER_OBJECT_CONVERSION = YES_AGGRESSIVE;
				CLANG_CXX_LANGUAGE_STANDARD = "gnu++20";
				CLANG_ENABLE_MODULES = YES;
				CLANG_ENABLE_OBJC_ARC = YES;
				CLANG_ENABLE_OBJC_WEAK = YES;
				CLANG_WARN_BLOCK_CAPTURE_AUTORELEASING = YES;
				CLANG_WARN_BOOL_CONVERSION = YES;
				CLANG_WARN_COMMA = YES;
				CLANG_WARN_CONSTANT_CONVERSION = YES;
				CLANG_WARN_DEPRECATED_OBJC_IMPLEMENTATIONS = YES;
				CLANG_WARN_DIRECT_OBJC_ISA_USAGE = YES_ERROR;
				CLANG_WARN_DOCUMENTATION_COMMENTS = YES;
				CLANG_WARN_EMPTY_BODY = YES;
				CLANG_WARN_ENUM_CONVERSION = YES;
				CLANG_WARN_INFINITE_RECURSION = YES;
				CLANG_WARN_INT_CONVERSION = YES;
				CLANG_WARN_NON_LITERAL_NULL_CONVERSION = YES;
				CLANG_WARN_OBJC_IMPLICIT_RETAIN_SELF = YES;
				CLANG_WARN_OBJC_LITERAL_CONVERSION = YES;
				CLANG_WARN_OBJC_ROOT_CLASS = YES_ERROR;
				CLANG_WARN_QUOTED_INCLUDE_IN_FRAMEWORK_HEADER = YES;
				CLANG_WARN_RANGE_LOOP_ANALYSIS = YES;
				CLANG_WARN_STRICT_PROTOTYPES = YES;
				CLANG_WARN_SUSPICIOUS_MOVE = YES;
				CLANG_WARN_UNGUARDED_AVAILABILITY = YES_AGGRESSIVE;
				CLANG_WARN_UNREACHABLE_CODE = YES;
				CLANG_WARN__DUPLICATE_METHOD_MATCH = YES;
				COPY_PHASE_STRIP = NO;
				DEBUG_INFORMATION_FORMAT = dwarf;
				ENABLE_STRICT_OBJC_MSGSEND = YES;
				ENABLE_TESTABILITY = YES;
				GCC_C_LANGUAGE_STANDARD = gnu11;
				GCC_DYNAMIC_NO_PIC = NO;
				GCC_NO_COMMON_BLOCKS = YES;
				GCC_OPTIMIZATION_LEVEL = 0;
				GCC_PREPROCESSOR_DEFINITIONS = (
					"DEBUG=1",
					"$(inherited)",
				);
				GCC_WARN_64_TO_32_BIT_CONVERSION = YES;
				GCC_WARN_ABOUT_RETURN_TYPE = YES_ERROR;
				GCC_WARN_UNDECLARED_SELECTOR = YES;
				GCC_WARN_UNINITIALIZED_AUTOS = YES_AGGRESSIVE;
				GCC_WARN_UNUSED_FUNCTION = YES;
				GCC_WARN_UNUSED_VARIABLE = YES;
				IPHONEOS_DEPLOYMENT_TARGET = 16.4;
				MTL_ENABLE_DEBUG_INFO = INCLUDE_SOURCE;
				MTL_FAST_MATH = YES;
				ONLY_ACTIVE_ARCH = YES;
				SDKROOT = iphoneos;
				SWIFT_ACTIVE_COMPILATION_CONDITIONS = DEBUG;
				SWIFT_OPTIMIZATION_LEVEL = "-Onone";
			};
			name = Debug;
		};
		6155C9B12A21522100F6B7AD /* Release */ = {
			isa = XCBuildConfiguration;
			buildSettings = {
				ALWAYS_SEARCH_USER_PATHS = NO;
				CLANG_ANALYZER_NONNULL = YES;
				CLANG_ANALYZER_NUMBER_OBJECT_CONVERSION = YES_AGGRESSIVE;
				CLANG_CXX_LANGUAGE_STANDARD = "gnu++20";
				CLANG_ENABLE_MODULES = YES;
				CLANG_ENABLE_OBJC_ARC = YES;
				CLANG_ENABLE_OBJC_WEAK = YES;
				CLANG_WARN_BLOCK_CAPTURE_AUTORELEASING = YES;
				CLANG_WARN_BOOL_CONVERSION = YES;
				CLANG_WARN_COMMA = YES;
				CLANG_WARN_CONSTANT_CONVERSION = YES;
				CLANG_WARN_DEPRECATED_OBJC_IMPLEMENTATIONS = YES;
				CLANG_WARN_DIRECT_OBJC_ISA_USAGE = YES_ERROR;
				CLANG_WARN_DOCUMENTATION_COMMENTS = YES;
				CLANG_WARN_EMPTY_BODY = YES;
				CLANG_WARN_ENUM_CONVERSION = YES;
				CLANG_WARN_INFINITE_RECURSION = YES;
				CLANG_WARN_INT_CONVERSION = YES;
				CLANG_WARN_NON_LITERAL_NULL_CONVERSION = YES;
				CLANG_WARN_OBJC_IMPLICIT_RETAIN_SELF = YES;
				CLANG_WARN_OBJC_LITERAL_CONVERSION = YES;
				CLANG_WARN_OBJC_ROOT_CLASS = YES_ERROR;
				CLANG_WARN_QUOTED_INCLUDE_IN_FRAMEWORK_HEADER = YES;
				CLANG_WARN_RANGE_LOOP_ANALYSIS = YES;
				CLANG_WARN_STRICT_PROTOTYPES = YES;
				CLANG_WARN_SUSPICIOUS_MOVE = YES;
				CLANG_WARN_UNGUARDED_AVAILABILITY = YES_AGGRESSIVE;
				CLANG_WARN_UNREACHABLE_CODE = YES;
				CLANG_WARN__DUPLICATE_METHOD_MATCH = YES;
				COPY_PHASE_STRIP = NO;
				DEBUG_INFORMATION_FORMAT = "dwarf-with-dsym";
				ENABLE_NS_ASSERTIONS = NO;
				ENABLE_STRICT_OBJC_MSGSEND = YES;
				GCC_C_LANGUAGE_STANDARD = gnu11;
				GCC_NO_COMMON_BLOCKS = YES;
				GCC_WARN_64_TO_32_BIT_CONVERSION = YES;
				GCC_WARN_ABOUT_RETURN_TYPE = YES_ERROR;
				GCC_WARN_UNDECLARED_SELECTOR = YES;
				GCC_WARN_UNINITIALIZED_AUTOS = YES_AGGRESSIVE;
				GCC_WARN_UNUSED_FUNCTION = YES;
				GCC_WARN_UNUSED_VARIABLE = YES;
				IPHONEOS_DEPLOYMENT_TARGET = 16.4;
				MTL_ENABLE_DEBUG_INFO = NO;
				MTL_FAST_MATH = YES;
				SDKROOT = iphoneos;
				SWIFT_COMPILATION_MODE = wholemodule;
				SWIFT_OPTIMIZATION_LEVEL = "-O";
				VALIDATE_PRODUCT = YES;
			};
			name = Release;
		};
		6155C9B32A21522100F6B7AD /* Debug */ = {
			isa = XCBuildConfiguration;
			buildSettings = {
				ASSETCATALOG_COMPILER_APPICON_NAME = AppIcon;
				ASSETCATALOG_COMPILER_GLOBAL_ACCENT_COLOR_NAME = AccentColor;
				CODE_SIGN_STYLE = Automatic;
				CURRENT_PROJECT_VERSION = 1;
				DEVELOPMENT_ASSET_PATHS = "\"Scrumdinger/Preview Content\"";
				DEVELOPMENT_TEAM = 9SK3Q97546;
				ENABLE_PREVIEWS = YES;
				GENERATE_INFOPLIST_FILE = YES;
				INFOPLIST_KEY_NSMicrophoneUsageDescription = "Audio is recorded to transcribe the meeting. Audio recordings are discarded after transcription.";
				INFOPLIST_KEY_NSSpeechRecognitionUsageDescription = "You can view a text transcription of your meeting in the app.";
				INFOPLIST_KEY_UIApplicationSceneManifest_Generation = YES;
				INFOPLIST_KEY_UIApplicationSupportsIndirectInputEvents = YES;
				INFOPLIST_KEY_UILaunchScreen_Generation = YES;
				INFOPLIST_KEY_UISupportedInterfaceOrientations_iPad = "UIInterfaceOrientationPortrait UIInterfaceOrientationPortraitUpsideDown UIInterfaceOrientationLandscapeLeft UIInterfaceOrientationLandscapeRight";
				INFOPLIST_KEY_UISupportedInterfaceOrientations_iPhone = "UIInterfaceOrientationPortrait UIInterfaceOrientationLandscapeLeft UIInterfaceOrientationLandscapeRight";
				IPHONEOS_DEPLOYMENT_TARGET = 16.2;
				LD_RUNPATH_SEARCH_PATHS = (
					"$(inherited)",
					"@executable_path/Frameworks",
				);
				MARKETING_VERSION = 1.0;
				PRODUCT_BUNDLE_IDENTIFIER = com.example.silke.Scrumdinger;
				PRODUCT_NAME = "$(TARGET_NAME)";
				SWIFT_EMIT_LOC_STRINGS = YES;
				SWIFT_VERSION = 5.0;
				TARGETED_DEVICE_FAMILY = "1,2";
			};
			name = Debug;
		};
		6155C9B42A21522100F6B7AD /* Release */ = {
			isa = XCBuildConfiguration;
			buildSettings = {
				ASSETCATALOG_COMPILER_APPICON_NAME = AppIcon;
				ASSETCATALOG_COMPILER_GLOBAL_ACCENT_COLOR_NAME = AccentColor;
				CODE_SIGN_STYLE = Automatic;
				CURRENT_PROJECT_VERSION = 1;
				DEVELOPMENT_ASSET_PATHS = "\"Scrumdinger/Preview Content\"";
				DEVELOPMENT_TEAM = 9SK3Q97546;
				ENABLE_PREVIEWS = YES;
				GENERATE_INFOPLIST_FILE = YES;
				INFOPLIST_KEY_NSMicrophoneUsageDescription = "Audio is recorded to transcribe the meeting. Audio recordings are discarded after transcription.";
				INFOPLIST_KEY_NSSpeechRecognitionUsageDescription = "You can view a text transcription of your meeting in the app.";
				INFOPLIST_KEY_UIApplicationSceneManifest_Generation = YES;
				INFOPLIST_KEY_UIApplicationSupportsIndirectInputEvents = YES;
				INFOPLIST_KEY_UILaunchScreen_Generation = YES;
				INFOPLIST_KEY_UISupportedInterfaceOrientations_iPad = "UIInterfaceOrientationPortrait UIInterfaceOrientationPortraitUpsideDown UIInterfaceOrientationLandscapeLeft UIInterfaceOrientationLandscapeRight";
				INFOPLIST_KEY_UISupportedInterfaceOrientations_iPhone = "UIInterfaceOrientationPortrait UIInterfaceOrientationLandscapeLeft UIInterfaceOrientationLandscapeRight";
				IPHONEOS_DEPLOYMENT_TARGET = 16.2;
				LD_RUNPATH_SEARCH_PATHS = (
					"$(inherited)",
					"@executable_path/Frameworks",
				);
				MARKETING_VERSION = 1.0;
				PRODUCT_BUNDLE_IDENTIFIER = com.example.silke.Scrumdinger;
				PRODUCT_NAME = "$(TARGET_NAME)";
				SWIFT_EMIT_LOC_STRINGS = YES;
				SWIFT_VERSION = 5.0;
				TARGETED_DEVICE_FAMILY = "1,2";
			};
			name = Release;
		};
/* End XCBuildConfiguration section */

/* Begin XCConfigurationList section */
		6155C99F2A21522000F6B7AD /* Build configuration list for PBXProject "Scrumdinger" */ = {
			isa = XCConfigurationList;
			buildConfigurations = (
				6155C9B02A21522100F6B7AD /* Debug */,
				6155C9B12A21522100F6B7AD /* Release */,
			);
			defaultConfigurationIsVisible = 0;
			defaultConfigurationName = Release;
		};
		6155C9B22A21522100F6B7AD /* Build configuration list for PBXNativeTarget "Scrumdinger" */ = {
			isa = XCConfigurationList;
			buildConfigurations = (
				6155C9B32A21522100F6B7AD /* Debug */,
				6155C9B42A21522100F6B7AD /* Release */,
			);
			defaultConfigurationIsVisible = 0;
			defaultConfigurationName = Release;
		};
/* End XCConfigurationList section */
	};
	rootObject = 6155C99C2A21522000F6B7AD /* Project object */;
}
